
Microsoft Visual Studio Solution File, Format Version 12.00
# Visual Studio Version 16
VisualStudioVersion = 16.0.30320.27
MinimumVisualStudioVersion = 10.0.40219.1
Project("{8BC9CEB8-8B4A-11D0-8D11-00A0C91BC942}") = "HelloWorld", "HelloWorld\HelloWorld.vcxproj", "{449165D8-D2C4-4775-A4E1-E0C2DD3FE132}"
EndProject
Project("{8BC9CEB8-8B4A-11D0-8D11-00A0C91BC942}") = "RandomPermutation", "RandomPermutation\RandomPermutation.vcxproj", "{8C33C775-A100-4FDA-A617-A134717649FC}"
EndProject
Project("{8BC9CEB8-8B4A-11D0-8D11-00A0C91BC942}") = "ArrayVsList", "ArrayVsList\ArrayVsList.vcxproj", "{942EDA0A-73B0-4688-8EFA-DA97EDF12AE8}"
EndProject
Project("{8BC9CEB8-8B4A-11D0-8D11-00A0C91BC942}") = "HandbuiltBinaryTree", "HandbuiltBinaryTree\HandbuiltBinaryTree.vcxproj", "{2B24467F-F186-42B1-925C-2A79728836D2}"
EndProject
Project("{8BC9CEB8-8B4A-11D0-8D11-00A0C91BC942}") = "SimpleMaxHeap", "SimpleMaxHeap\SimpleMaxHeap.vcxproj", "{CE1F5B5E-9610-43E3-B609-5CFF2090067D}"
EndProject
Project("{8BC9CEB8-8B4A-11D0-8D11-00A0C91BC942}") = "SimpleMinHeap", "SimpleMinHeap\SimpleMinHeap.vcxproj", "{6789B02B-F618-433C-92CE-4B18A5C5B98D}"
EndProject
Project("{8BC9CEB8-8B4A-11D0-8D11-00A0C91BC942}") = "WidgetMinHeap", "WidgetMinHeap\WidgetMinHeap.vcxproj", "{08047D90-A992-4DC7-9A8A-618AD81F4AD1}"
EndProject
Global
	GlobalSection(SolutionConfigurationPlatforms) = preSolution
		Debug|x64 = Debug|x64
		Debug|x86 = Debug|x86
		Release|x64 = Release|x64
		Release|x86 = Release|x86
	EndGlobalSection
	GlobalSection(ProjectConfigurationPlatforms) = postSolution
		{449165D8-D2C4-4775-A4E1-E0C2DD3FE132}.Debug|x64.ActiveCfg = Debug|x64
		{449165D8-D2C4-4775-A4E1-E0C2DD3FE132}.Debug|x64.Build.0 = Debug|x64
		{449165D8-D2C4-4775-A4E1-E0C2DD3FE132}.Debug|x86.ActiveCfg = Debug|Win32
		{449165D8-D2C4-4775-A4E1-E0C2DD3FE132}.Debug|x86.Build.0 = Debug|Win32
		{449165D8-D2C4-4775-A4E1-E0C2DD3FE132}.Release|x64.ActiveCfg = Release|x64
		{449165D8-D2C4-4775-A4E1-E0C2DD3FE132}.Release|x64.Build.0 = Release|x64
		{449165D8-D2C4-4775-A4E1-E0C2DD3FE132}.Release|x86.ActiveCfg = Release|Win32
		{449165D8-D2C4-4775-A4E1-E0C2DD3FE132}.Release|x86.Build.0 = Release|Win32
		{8C33C775-A100-4FDA-A617-A134717649FC}.Debug|x64.ActiveCfg = Debug|x64
		{8C33C775-A100-4FDA-A617-A134717649FC}.Debug|x64.Build.0 = Debug|x64
		{8C33C775-A100-4FDA-A617-A134717649FC}.Debug|x86.ActiveCfg = Debug|Win32
		{8C33C775-A100-4FDA-A617-A134717649FC}.Debug|x86.Build.0 = Debug|Win32
		{8C33C775-A100-4FDA-A617-A134717649FC}.Release|x64.ActiveCfg = Release|x64
		{8C33C775-A100-4FDA-A617-A134717649FC}.Release|x64.Build.0 = Release|x64
		{8C33C775-A100-4FDA-A617-A134717649FC}.Release|x86.ActiveCfg = Release|Win32
		{8C33C775-A100-4FDA-A617-A134717649FC}.Release|x86.Build.0 = Release|Win32
		{942EDA0A-73B0-4688-8EFA-DA97EDF12AE8}.Debug|x64.ActiveCfg = Debug|x64
		{942EDA0A-73B0-4688-8EFA-DA97EDF12AE8}.Debug|x64.Build.0 = Debug|x64
		{942EDA0A-73B0-4688-8EFA-DA97EDF12AE8}.Debug|x86.ActiveCfg = Debug|Win32
		{942EDA0A-73B0-4688-8EFA-DA97EDF12AE8}.Debug|x86.Build.0 = Debug|Win32
		{942EDA0A-73B0-4688-8EFA-DA97EDF12AE8}.Release|x64.ActiveCfg = Release|x64
		{942EDA0A-73B0-4688-8EFA-DA97EDF12AE8}.Release|x64.Build.0 = Release|x64
		{942EDA0A-73B0-4688-8EFA-DA97EDF12AE8}.Release|x86.ActiveCfg = Release|Win32
		{942EDA0A-73B0-4688-8EFA-DA97EDF12AE8}.Release|x86.Build.0 = Release|Win32
		{2B24467F-F186-42B1-925C-2A79728836D2}.Debug|x64.ActiveCfg = Debug|x64
		{2B24467F-F186-42B1-925C-2A79728836D2}.Debug|x64.Build.0 = Debug|x64
		{2B24467F-F186-42B1-925C-2A79728836D2}.Debug|x86.ActiveCfg = Debug|Win32
		{2B24467F-F186-42B1-925C-2A79728836D2}.Debug|x86.Build.0 = Debug|Win32
		{2B24467F-F186-42B1-925C-2A79728836D2}.Release|x64.ActiveCfg = Release|x64
		{2B24467F-F186-42B1-925C-2A79728836D2}.Release|x64.Build.0 = Release|x64
		{2B24467F-F186-42B1-925C-2A79728836D2}.Release|x86.ActiveCfg = Release|Win32
		{2B24467F-F186-42B1-925C-2A79728836D2}.Release|x86.Build.0 = Release|Win32
		{CE1F5B5E-9610-43E3-B609-5CFF2090067D}.Debug|x64.ActiveCfg = Debug|x64
		{CE1F5B5E-9610-43E3-B609-5CFF2090067D}.Debug|x64.Build.0 = Debug|x64
		{CE1F5B5E-9610-43E3-B609-5CFF2090067D}.Debug|x86.ActiveCfg = Debug|Win32
		{CE1F5B5E-9610-43E3-B609-5CFF2090067D}.Debug|x86.Build.0 = Debug|Win32
		{CE1F5B5E-9610-43E3-B609-5CFF2090067D}.Release|x64.ActiveCfg = Release|x64
		{CE1F5B5E-9610-43E3-B609-5CFF2090067D}.Release|x64.Build.0 = Release|x64
		{CE1F5B5E-9610-43E3-B609-5CFF2090067D}.Release|x86.ActiveCfg = Release|Win32
		{CE1F5B5E-9610-43E3-B609-5CFF2090067D}.Release|x86.Build.0 = Release|Win32
		{6789B02B-F618-433C-92CE-4B18A5C5B98D}.Debug|x64.ActiveCfg = Debug|x64
		{6789B02B-F618-433C-92CE-4B18A5C5B98D}.Debug|x64.Build.0 = Debug|x64
		{6789B02B-F618-433C-92CE-4B18A5C5B98D}.Debug|x86.ActiveCfg = Debug|Win32
		{6789B02B-F618-433C-92CE-4B18A5C5B98D}.Debug|x86.Build.0 = Debug|Win32
		{6789B02B-F618-433C-92CE-4B18A5C5B98D}.Release|x64.ActiveCfg = Release|x64
		{6789B02B-F618-433C-92CE-4B18A5C5B98D}.Release|x64.Build.0 = Release|x64
		{6789B02B-F618-433C-92CE-4B18A5C5B98D}.Release|x86.ActiveCfg = Release|Win32
		{6789B02B-F618-433C-92CE-4B18A5C5B98D}.Release|x86.Build.0 = Release|Win32
		{08047D90-A992-4DC7-9A8A-618AD81F4AD1}.Debug|x64.ActiveCfg = Debug|x64
		{08047D90-A992-4DC7-9A8A-618AD81F4AD1}.Debug|x64.Build.0 = Debug|x64
		{08047D90-A992-4DC7-9A8A-618AD81F4AD1}.Debug|x86.ActiveCfg = Debug|Win32
		{08047D90-A992-4DC7-9A8A-618AD81F4AD1}.Debug|x86.Build.0 = Debug|Win32
		{08047D90-A992-4DC7-9A8A-618AD81F4AD1}.Release|x64.ActiveCfg = Release|x64
		{08047D90-A992-4DC7-9A8A-618AD81F4AD1}.Release|x64.Build.0 = Release|x64
		{08047D90-A992-4DC7-9A8A-618AD81F4AD1}.Release|x86.ActiveCfg = Release|Win32
		{08047D90-A992-4DC7-9A8A-618AD81F4AD1}.Release|x86.Build.0 = Release|Win32
	EndGlobalSection
	GlobalSection(SolutionProperties) = preSolution
		HideSolutionNode = FALSE
	EndGlobalSection
	GlobalSection(ExtensibilityGlobals) = postSolution
		SolutionGuid = {8B609C7B-593F-446E-A66C-9E9402B8B09E}
	EndGlobalSection
EndGlobal
